{
    "_readme": [
        "This file locks the dependencies of your project to a known state",
        "Read more about it at https://getcomposer.org/doc/01-basic-usage.md#installing-dependencies",
        "This file is @generated automatically"
    ],
    "content-hash": "a94beddf9265bbe5cdfb7e12fa5c4ad2",
    "packages": [
        {
            "name": "atk4/core",
            "version": "1.3.8",
            "source": {
                "type": "git",
                "url": "https://github.com/atk4/core.git",
                "reference": "35a1f837fc4581e29812fe2305e9f47ec1fb3055"
            },
            "dist": {
                "type": "zip",
                "url": "https://api.github.com/repos/atk4/core/zipball/35a1f837fc4581e29812fe2305e9f47ec1fb3055",
                "reference": "35a1f837fc4581e29812fe2305e9f47ec1fb3055",
                "shasum": ""
            },
            "require": {
                "php": ">=5.5.0",
                "psr/log": "~1.0"
            },
            "require-dev": {
                "codeclimate/php-test-reporter": "*",
                "phpunit/phpunit": "~5.0",
                "satooshi/php-coveralls": "^1.0"
            },
            "type": "library",
            "autoload": {
                "psr-4": {
                    "atk4\\core\\": "src/"
                }
            },
            "notification-url": "https://packagist.org/downloads/",
            "license": [
                "MIT"
            ],
            "authors": [
                {
                    "name": "Romans Malinovskis",
                    "email": "romans@agiletoolkit.org",
                    "homepage": "https://nearly.guru/"
                }
            ],
            "description": "Agile Core - collection of PHP Traits for designing object-oriented frameworks",
            "homepage": "https://github.com/atk4/core",
            "keywords": [
                "Agile Toolkit",
                "framework",
                "php",
                "trains"
            ],
            "time": "2018-04-03T16:35:52+00:00"
        },
        {
            "name": "atk4/data",
            "version": "1.3.7",
            "source": {
                "type": "git",
                "url": "https://github.com/atk4/data.git",
                "reference": "7e429ee497243fdc4a3dc8d22f60716fd730b7f2"
            },
            "dist": {
                "type": "zip",
                "url": "https://api.github.com/repos/atk4/data/zipball/7e429ee497243fdc4a3dc8d22f60716fd730b7f2",
                "reference": "7e429ee497243fdc4a3dc8d22f60716fd730b7f2",
                "shasum": ""
            },
            "require": {
                "atk4/core": "^1.3",
                "atk4/dsql": "^1.2",
                "php": ">=5.6.0"
            },
            "require-dev": {
                "atk4/schema": "*",
                "codeclimate/php-test-reporter": "*",
                "phpunit/phpunit": "<6"
            },
            "type": "library",
            "autoload": {
                "psr-4": {
                    "atk4\\data\\": "src/"
                }
            },
            "notification-url": "https://packagist.org/downloads/",
            "license": [
                "MIT"
            ],
            "authors": [
                {
                    "name": "Romans Malinovskis",
                    "email": "romans@agiletoolkit.org",
                    "homepage": "https://nearly.guru/"
                }
            ],
            "description": "Agile Data - Database access abstraction framework",
            "homepage": "https://github.com/atk4/data",
            "keywords": [
                "Active Record",
                "builder",
                "framework",
                "mongodb",
                "mysql",
                "nosql",
                "orm",
                "postgresql",
                "query",
                "sql"
            ],
            "time": "2018-08-16T07:49:46+00:00"
        },
        {
            "name": "atk4/dsql",
            "version": "1.2.5",
            "source": {
                "type": "git",
                "url": "https://github.com/atk4/dsql.git",
                "reference": "7f85985fdffae6c1539704de935544eda00d5151"
            },
            "dist": {
                "type": "zip",
                "url": "https://api.github.com/repos/atk4/dsql/zipball/7f85985fdffae6c1539704de935544eda00d5151",
                "reference": "7f85985fdffae6c1539704de935544eda00d5151",
                "shasum": ""
            },
            "require": {
                "atk4/core": "^1.3",
                "php": ">=5.6.0"
            },
            "require-dev": {
                "codeclimate/php-test-reporter": "*",
                "phpunit/dbunit": ">=1.2",
                "phpunit/phpcov": "*",
                "phpunit/phpunit": "<6"
            },
            "suggest": {
                "jdorn/sql-formatter": "*"
            },
            "type": "library",
            "autoload": {
                "psr-4": {
                    "atk4\\dsql\\": "src/"
                }
            },
            "notification-url": "https://packagist.org/downloads/",
            "license": [
                "MIT"
            ],
            "authors": [
                {
                    "name": "Romans Malinovskis",
                    "email": "romans@agiletoolkit.org",
                    "homepage": "https://nearly.guru/"
                }
            ],
            "description": "Dynamic SQL Builder in PHP",
            "homepage": "http://agiletoolkit.org/",
            "keywords": [
                "builder",
                "framework",
                "orm",
                "sql"
            ],
            "time": "2018-08-16T07:47:00+00:00"
        },
        {
            "name": "atk4/ui",
            "version": "1.5.8",
            "source": {
                "type": "git",
                "url": "https://github.com/atk4/ui.git",
                "reference": "7001b9fcc8608f17a99bd94ae2cb4ef787da1f81"
            },
            "dist": {
                "type": "zip",
                "url": "https://api.github.com/repos/atk4/ui/zipball/7001b9fcc8608f17a99bd94ae2cb4ef787da1f81",
                "reference": "7001b9fcc8608f17a99bd94ae2cb4ef787da1f81",
                "shasum": ""
            },
            "require": {
                "atk4/core": "^1.3",
                "atk4/data": "^1.3",
                "php": ">=5.6.0"
            },
            "require-dev": {
                "behat/behat": "^3.4",
                "behat/mink-extension": "^2.2",
                "behat/mink-zombie-driver": "^1.4",
                "codeclimate/php-test-reporter": "*",
                "fzaninotto/faker": "*",
                "phpunit/phpcov": "^3.0",
                "phpunit/phpunit": "<6"
            },
            "type": "library",
            "autoload": {
                "psr-4": {
                    "atk4\\ui\\": "src/"
                }
            },
            "notification-url": "https://packagist.org/downloads/",
            "license": [
                "MIT"
            ],
            "authors": [
                {
                    "name": "Romans Malinovskis",
                    "email": "romans@agiletoolkit.org",
                    "homepage": "https://nearly.guru/"
                }
            ],
            "description": "Agile UI - Web Component Framework written in PHP",
            "homepage": "https://agiletoolkit.org/ui",
            "keywords": [
                "button",
                "component",
                "crud",
                "form",
                "framework",
                "gadget",
                "grid",
                "render",
                "ui",
                "web",
                "widget"
            ],
            "time": "2018-08-16T08:21:08+00:00"
        },
        {
            "name": "psr/log",
            "version": "1.0.2",
            "source": {
                "type": "git",
                "url": "https://github.com/php-fig/log.git",
                "reference": "4ebe3a8bf773a19edfe0a84b6585ba3d401b724d"
            },
            "dist": {
                "type": "zip",
                "url": "https://api.github.com/repos/php-fig/log/zipball/4ebe3a8bf773a19edfe0a84b6585ba3d401b724d",
                "reference": "4ebe3a8bf773a19edfe0a84b6585ba3d401b724d",
                "shasum": ""
            },
            "require": {
                "php": ">=5.3.0"
            },
            "type": "library",
            "extra": {
                "branch-alias": {
                    "dev-master": "1.0.x-dev"
                }
            },
            "autoload": {
                "psr-4": {
                    "Psr\\Log\\": "Psr/Log/"
                }
            },
            "notification-url": "https://packagist.org/downloads/",
            "license": [
                "MIT"
            ],
            "authors": [
                {
                    "name": "PHP-FIG",
                    "homepage": "http://www.php-fig.org/"
                }
            ],
            "description": "Common interface for logging libraries",
            "homepage": "https://github.com/php-fig/log",
            "keywords": [
                "log",
                "psr",
                "psr-3"
            ],
            "time": "2016-10-10T12:19:37+00:00"
        }
    ],
    "packages-dev": [],
    "aliases": [],
    "minimum-stability": "stable",
    "stability-flags": [],
    "prefer-stable": false,
    "prefer-lowest": false,
    "platform": [],
    "platform-dev": []
}
